// !$*UTF8*$!
{
	archiveVersion = 1;
	classes = {
	};
	objectVersion = 56;
	objects = {

/* Begin PBXBuildFile section */
		911C0DBC29C482D900994C56 /* CoinDataService.swift in Sources */ = {isa = PBXBuildFile; fileRef = 911C0DBB29C482D900994C56 /* CoinDataService.swift */; };
		91563A4B29D88727000B7DD0 /* PortfolioView.swift in Sources */ = {isa = PBXBuildFile; fileRef = 91563A4A29D88727000B7DD0 /* PortfolioView.swift */; };
		91563A4F29D88DC3000B7DD0 /* CoinLogoView.swift in Sources */ = {isa = PBXBuildFile; fileRef = 91563A4E29D88DC3000B7DD0 /* CoinLogoView.swift */; };
		9175D64029D0BB41005C7AE4 /* LocalFileManager.swift in Sources */ = {isa = PBXBuildFile; fileRef = 9175D63F29D0BB41005C7AE4 /* LocalFileManager.swift */; };
		9175D64329D0C0DC005C7AE4 /* SearchBarView.swift in Sources */ = {isa = PBXBuildFile; fileRef = 9175D64229D0C0DC005C7AE4 /* SearchBarView.swift */; };
		9175D64529D0C51F005C7AE4 /* UIApplication.swift in Sources */ = {isa = PBXBuildFile; fileRef = 9175D64429D0C51F005C7AE4 /* UIApplication.swift */; };
		9175D64729D0CC86005C7AE4 /* StatisticModel.swift in Sources */ = {isa = PBXBuildFile; fileRef = 9175D64629D0CC86005C7AE4 /* StatisticModel.swift */; };
		9175D64929D0CD64005C7AE4 /* StatisticView.swift in Sources */ = {isa = PBXBuildFile; fileRef = 9175D64829D0CD64005C7AE4 /* StatisticView.swift */; };
		9175D64B29D0CFCB005C7AE4 /* HomeStatsView.swift in Sources */ = {isa = PBXBuildFile; fileRef = 9175D64A29D0CFCB005C7AE4 /* HomeStatsView.swift */; };
		91A6C7D329BF6E27009EBB08 /* CryptoAppApp.swift in Sources */ = {isa = PBXBuildFile; fileRef = 91A6C7D229BF6E27009EBB08 /* CryptoAppApp.swift */; };
		91A6C7D529BF6E27009EBB08 /* ContentView.swift in Sources */ = {isa = PBXBuildFile; fileRef = 91A6C7D429BF6E27009EBB08 /* ContentView.swift */; };
		91A6C7DA29BF6E2A009EBB08 /* Preview Assets.xcassets in Resources */ = {isa = PBXBuildFile; fileRef = 91A6C7D929BF6E2A009EBB08 /* Preview Assets.xcassets */; };
		91A6C7E129BF6EB0009EBB08 /* Assets.xcassets in Resources */ = {isa = PBXBuildFile; fileRef = 91A6C7E029BF6EB0009EBB08 /* Assets.xcassets */; };
		91A6C7E429BF6FB4009EBB08 /* Color.swift in Sources */ = {isa = PBXBuildFile; fileRef = 91A6C7E329BF6FB4009EBB08 /* Color.swift */; };
		91A6C7E929BF7178009EBB08 /* HomeView.swift in Sources */ = {isa = PBXBuildFile; fileRef = 91A6C7E829BF7178009EBB08 /* HomeView.swift */; };
		91A6C7EE29BF724E009EBB08 /* CircleButtonView.swift in Sources */ = {isa = PBXBuildFile; fileRef = 91A6C7ED29BF724E009EBB08 /* CircleButtonView.swift */; };
		91A6C7F029BF74FE009EBB08 /* CircleButtonAnimationView.swift in Sources */ = {isa = PBXBuildFile; fileRef = 91A6C7EF29BF74FE009EBB08 /* CircleButtonAnimationView.swift */; };
		91A6C7F429BF76C6009EBB08 /* CoinModel.swift in Sources */ = {isa = PBXBuildFile; fileRef = 91A6C7F329BF76C6009EBB08 /* CoinModel.swift */; };
		91A6C7F629BF7E57009EBB08 /* CoinRowView.swift in Sources */ = {isa = PBXBuildFile; fileRef = 91A6C7F529BF7E57009EBB08 /* CoinRowView.swift */; };
		91B6B36929C0C1F600428A77 /* PreviewProvider.swift in Sources */ = {isa = PBXBuildFile; fileRef = 91B6B36829C0C1F600428A77 /* PreviewProvider.swift */; };
		91B6B36B29C0C7F800428A77 /* Double.swift in Sources */ = {isa = PBXBuildFile; fileRef = 91B6B36A29C0C7F800428A77 /* Double.swift */; };
		91D01B1929CCAE6E0048DE74 /* NetworkingManager.swift in Sources */ = {isa = PBXBuildFile; fileRef = 91D01B1829CCAE6E0048DE74 /* NetworkingManager.swift */; };
		91D01B1C29CCB6C70048DE74 /* CoinImageView.swift in Sources */ = {isa = PBXBuildFile; fileRef = 91D01B1B29CCB6C70048DE74 /* CoinImageView.swift */; };
		91D01B1E29CCB6D80048DE74 /* CoinImageViewModel.swift in Sources */ = {isa = PBXBuildFile; fileRef = 91D01B1D29CCB6D80048DE74 /* CoinImageViewModel.swift */; };
		91D01B2029CCB81D0048DE74 /* CoinImageService.swift in Sources */ = {isa = PBXBuildFile; fileRef = 91D01B1F29CCB81D0048DE74 /* CoinImageService.swift */; };
		91DE073729D30592003C495D /* MarketDataModel.swift in Sources */ = {isa = PBXBuildFile; fileRef = 91DE073629D30592003C495D /* MarketDataModel.swift */; };
		91DE073929D30A9D003C495D /* MarketDataService.swift in Sources */ = {isa = PBXBuildFile; fileRef = 91DE073829D30A9D003C495D /* MarketDataService.swift */; };
		91F7033229C21F2200FCF647 /* HomeViewModel.swift in Sources */ = {isa = PBXBuildFile; fileRef = 91F7033129C21F2200FCF647 /* HomeViewModel.swift */; };
/* End PBXBuildFile section */

/* Begin PBXFileReference section */
		911C0DBB29C482D900994C56 /* CoinDataService.swift */ = {isa = PBXFileReference; lastKnownFileType = sourcecode.swift; path = CoinDataService.swift; sourceTree = "<group>"; };
		91563A4A29D88727000B7DD0 /* PortfolioView.swift */ = {isa = PBXFileReference; lastKnownFileType = sourcecode.swift; path = PortfolioView.swift; sourceTree = "<group>"; };
		91563A4E29D88DC3000B7DD0 /* CoinLogoView.swift */ = {isa = PBXFileReference; lastKnownFileType = sourcecode.swift; path = CoinLogoView.swift; sourceTree = "<group>"; };
		9175D63F29D0BB41005C7AE4 /* LocalFileManager.swift */ = {isa = PBXFileReference; lastKnownFileType = sourcecode.swift; path = LocalFileManager.swift; sourceTree = "<group>"; };
		9175D64229D0C0DC005C7AE4 /* SearchBarView.swift */ = {isa = PBXFileReference; lastKnownFileType = sourcecode.swift; path = SearchBarView.swift; sourceTree = "<group>"; };
		9175D64429D0C51F005C7AE4 /* UIApplication.swift */ = {isa = PBXFileReference; lastKnownFileType = sourcecode.swift; path = UIApplication.swift; sourceTree = "<group>"; };
		9175D64629D0CC86005C7AE4 /* StatisticModel.swift */ = {isa = PBXFileReference; lastKnownFileType = sourcecode.swift; path = StatisticModel.swift; sourceTree = "<group>"; };
		9175D64829D0CD64005C7AE4 /* StatisticView.swift */ = {isa = PBXFileReference; lastKnownFileType = sourcecode.swift; path = StatisticView.swift; sourceTree = "<group>"; };
		9175D64A29D0CFCB005C7AE4 /* HomeStatsView.swift */ = {isa = PBXFileReference; lastKnownFileType = sourcecode.swift; path = HomeStatsView.swift; sourceTree = "<group>"; };
		91A6C7CF29BF6E27009EBB08 /* CryptoApp.app */ = {isa = PBXFileReference; explicitFileType = wrapper.application; includeInIndex = 0; path = CryptoApp.app; sourceTree = BUILT_PRODUCTS_DIR; };
		91A6C7D229BF6E27009EBB08 /* CryptoAppApp.swift */ = {isa = PBXFileReference; lastKnownFileType = sourcecode.swift; path = CryptoAppApp.swift; sourceTree = "<group>"; };
		91A6C7D429BF6E27009EBB08 /* ContentView.swift */ = {isa = PBXFileReference; lastKnownFileType = sourcecode.swift; path = ContentView.swift; sourceTree = "<group>"; };
		91A6C7D929BF6E2A009EBB08 /* Preview Assets.xcassets */ = {isa = PBXFileReference; lastKnownFileType = folder.assetcatalog; path = "Preview Assets.xcassets"; sourceTree = "<group>"; };
		91A6C7E029BF6EB0009EBB08 /* Assets.xcassets */ = {isa = PBXFileReference; lastKnownFileType = folder.assetcatalog; name = Assets.xcassets; path = ../../../../Downloads/Resources/Assets.xcassets; sourceTree = "<group>"; };
		91A6C7E329BF6FB4009EBB08 /* Color.swift */ = {isa = PBXFileReference; lastKnownFileType = sourcecode.swift; path = Color.swift; sourceTree = "<group>"; };
		91A6C7E829BF7178009EBB08 /* HomeView.swift */ = {isa = PBXFileReference; lastKnownFileType = sourcecode.swift; path = HomeView.swift; sourceTree = "<group>"; };
		91A6C7ED29BF724E009EBB08 /* CircleButtonView.swift */ = {isa = PBXFileReference; lastKnownFileType = sourcecode.swift; path = CircleButtonView.swift; sourceTree = "<group>"; };
		91A6C7EF29BF74FE009EBB08 /* CircleButtonAnimationView.swift */ = {isa = PBXFileReference; lastKnownFileType = sourcecode.swift; path = CircleButtonAnimationView.swift; sourceTree = "<group>"; };
		91A6C7F329BF76C6009EBB08 /* CoinModel.swift */ = {isa = PBXFileReference; lastKnownFileType = sourcecode.swift; path = CoinModel.swift; sourceTree = "<group>"; };
		91A6C7F529BF7E57009EBB08 /* CoinRowView.swift */ = {isa = PBXFileReference; lastKnownFileType = sourcecode.swift; path = CoinRowView.swift; sourceTree = "<group>"; };
		91B6B36829C0C1F600428A77 /* PreviewProvider.swift */ = {isa = PBXFileReference; fileEncoding = 4; lastKnownFileType = sourcecode.swift; path = PreviewProvider.swift; sourceTree = "<group>"; };
		91B6B36A29C0C7F800428A77 /* Double.swift */ = {isa = PBXFileReference; fileEncoding = 4; lastKnownFileType = sourcecode.swift; path = Double.swift; sourceTree = "<group>"; };
		91D01B1829CCAE6E0048DE74 /* NetworkingManager.swift */ = {isa = PBXFileReference; lastKnownFileType = sourcecode.swift; path = NetworkingManager.swift; sourceTree = "<group>"; };
		91D01B1B29CCB6C70048DE74 /* CoinImageView.swift */ = {isa = PBXFileReference; lastKnownFileType = sourcecode.swift; path = CoinImageView.swift; sourceTree = "<group>"; };
		91D01B1D29CCB6D80048DE74 /* CoinImageViewModel.swift */ = {isa = PBXFileReference; lastKnownFileType = sourcecode.swift; path = CoinImageViewModel.swift; sourceTree = "<group>"; };
		91D01B1F29CCB81D0048DE74 /* CoinImageService.swift */ = {isa = PBXFileReference; lastKnownFileType = sourcecode.swift; path = CoinImageService.swift; sourceTree = "<group>"; };
		91DE073629D30592003C495D /* MarketDataModel.swift */ = {isa = PBXFileReference; lastKnownFileType = sourcecode.swift; path = MarketDataModel.swift; sourceTree = "<group>"; };
		91DE073829D30A9D003C495D /* MarketDataService.swift */ = {isa = PBXFileReference; lastKnownFileType = sourcecode.swift; path = MarketDataService.swift; sourceTree = "<group>"; };
		91F7033129C21F2200FCF647 /* HomeViewModel.swift */ = {isa = PBXFileReference; lastKnownFileType = sourcecode.swift; path = HomeViewModel.swift; sourceTree = "<group>"; };
/* End PBXFileReference section */

/* Begin PBXFrameworksBuildPhase section */
		91A6C7CC29BF6E27009EBB08 /* Frameworks */ = {
			isa = PBXFrameworksBuildPhase;
			buildActionMask = 2147483647;
			files = (
			);
			runOnlyForDeploymentPostprocessing = 0;
		};
/* End PBXFrameworksBuildPhase section */

/* Begin PBXGroup section */
		911C0DBA29C482C800994C56 /* Services */ = {
			isa = PBXGroup;
			children = (
				911C0DBB29C482D900994C56 /* CoinDataService.swift */,
				91D01B1F29CCB81D0048DE74 /* CoinImageService.swift */,
				91DE073829D30A9D003C495D /* MarketDataService.swift */,
			);
			path = Services;
			sourceTree = "<group>";
		};
		91A6C7C629BF6E27009EBB08 = {
			isa = PBXGroup;
			children = (
				91A6C7D129BF6E27009EBB08 /* CryptoApp */,
				91A6C7D029BF6E27009EBB08 /* Products */,
			);
			sourceTree = "<group>";
		};
		91A6C7D029BF6E27009EBB08 /* Products */ = {
			isa = PBXGroup;
			children = (
				91A6C7CF29BF6E27009EBB08 /* CryptoApp.app */,
			);
			name = Products;
			sourceTree = "<group>";
		};
		91A6C7D129BF6E27009EBB08 /* CryptoApp */ = {
			isa = PBXGroup;
			children = (
				91D01B1729CCAE570048DE74 /* Utilities */,
				911C0DBA29C482C800994C56 /* Services */,
				91A6C7F229BF76B9009EBB08 /* Models */,
				91A6C7E529BF7153009EBB08 /* Core */,
				91A6C7E229BF6F9D009EBB08 /* Extenstions */,
				91A6C7D229BF6E27009EBB08 /* CryptoAppApp.swift */,
				91A6C7D429BF6E27009EBB08 /* ContentView.swift */,
				91A6C7E029BF6EB0009EBB08 /* Assets.xcassets */,
				91A6C7D829BF6E2A009EBB08 /* Preview Content */,
			);
			path = CryptoApp;
			sourceTree = "<group>";
		};
		91A6C7D829BF6E2A009EBB08 /* Preview Content */ = {
			isa = PBXGroup;
			children = (
				91A6C7D929BF6E2A009EBB08 /* Preview Assets.xcassets */,
			);
			path = "Preview Content";
			sourceTree = "<group>";
		};
		91A6C7E229BF6F9D009EBB08 /* Extenstions */ = {
			isa = PBXGroup;
			children = (
				91B6B36A29C0C7F800428A77 /* Double.swift */,
				91B6B36829C0C1F600428A77 /* PreviewProvider.swift */,
				91A6C7E329BF6FB4009EBB08 /* Color.swift */,
				9175D64429D0C51F005C7AE4 /* UIApplication.swift */,
			);
			path = Extenstions;
			sourceTree = "<group>";
		};
		91A6C7E529BF7153009EBB08 /* Core */ = {
			isa = PBXGroup;
			children = (
				91A6C7EB29BF722F009EBB08 /* Components */,
				91A6C7E629BF715C009EBB08 /* Home */,
			);
			path = Core;
			sourceTree = "<group>";
		};
		91A6C7E629BF715C009EBB08 /* Home */ = {
			isa = PBXGroup;
			children = (
				91A6C7EA29BF7186009EBB08 /* ViewModels */,
				91A6C7E729BF716C009EBB08 /* Views */,
			);
			path = Home;
			sourceTree = "<group>";
		};
		91A6C7E729BF716C009EBB08 /* Views */ = {
			isa = PBXGroup;
			children = (
				91A6C7E829BF7178009EBB08 /* HomeView.swift */,
				91A6C7F529BF7E57009EBB08 /* CoinRowView.swift */,
				9175D64A29D0CFCB005C7AE4 /* HomeStatsView.swift */,
				91563A4A29D88727000B7DD0 /* PortfolioView.swift */,
			);
			path = Views;
			sourceTree = "<group>";
		};
		91A6C7EA29BF7186009EBB08 /* ViewModels */ = {
			isa = PBXGroup;
			children = (
				91F7033129C21F2200FCF647 /* HomeViewModel.swift */,
			);
			path = ViewModels;
			sourceTree = "<group>";
		};
		91A6C7EB29BF722F009EBB08 /* Components */ = {
			isa = PBXGroup;
			children = (
				91D01B1A29CCB6B50048DE74 /* CoinImage */,
				91A6C7EC29BF723E009EBB08 /* CircleButton */,
				9175D64229D0C0DC005C7AE4 /* SearchBarView.swift */,
				9175D64829D0CD64005C7AE4 /* StatisticView.swift */,
			);
			path = Components;
			sourceTree = "<group>";
		};
		91A6C7EC29BF723E009EBB08 /* CircleButton */ = {
			isa = PBXGroup;
			children = (
				91A6C7ED29BF724E009EBB08 /* CircleButtonView.swift */,
				91A6C7EF29BF74FE009EBB08 /* CircleButtonAnimationView.swift */,
			);
			path = CircleButton;
			sourceTree = "<group>";
		};
		91A6C7F229BF76B9009EBB08 /* Models */ = {
			isa = PBXGroup;
			children = (
				91A6C7F329BF76C6009EBB08 /* CoinModel.swift */,
				9175D64629D0CC86005C7AE4 /* StatisticModel.swift */,
				91DE073629D30592003C495D /* MarketDataModel.swift */,
			);
			path = Models;
			sourceTree = "<group>";
		};
		91D01B1729CCAE570048DE74 /* Utilities */ = {
			isa = PBXGroup;
			children = (
				91D01B1829CCAE6E0048DE74 /* NetworkingManager.swift */,
				9175D63F29D0BB41005C7AE4 /* LocalFileManager.swift */,
			);
			path = Utilities;
			sourceTree = "<group>";
		};
		91D01B1A29CCB6B50048DE74 /* CoinImage */ = {
			isa = PBXGroup;
			children = (
				91D01B1B29CCB6C70048DE74 /* CoinImageView.swift */,
				91D01B1D29CCB6D80048DE74 /* CoinImageViewModel.swift */,
				91563A4E29D88DC3000B7DD0 /* CoinLogoView.swift */,
			);
			path = CoinImage;
			sourceTree = "<group>";
		};
/* End PBXGroup section */

/* Begin PBXNativeTarget section */
		91A6C7CE29BF6E27009EBB08 /* CryptoApp */ = {
			isa = PBXNativeTarget;
			buildConfigurationList = 91A6C7DD29BF6E2A009EBB08 /* Build configuration list for PBXNativeTarget "CryptoApp" */;
			buildPhases = (
				91A6C7CB29BF6E27009EBB08 /* Sources */,
				91A6C7CC29BF6E27009EBB08 /* Frameworks */,
				91A6C7CD29BF6E27009EBB08 /* Resources */,
			);
			buildRules = (
			);
			dependencies = (
			);
			name = CryptoApp;
			productName = CryptoApp;
			productReference = 91A6C7CF29BF6E27009EBB08 /* CryptoApp.app */;
			productType = "com.apple.product-type.application";
		};
/* End PBXNativeTarget section */

/* Begin PBXProject section */
		91A6C7C729BF6E27009EBB08 /* Project object */ = {
			isa = PBXProject;
			attributes = {
				BuildIndependentTargetsInParallel = 1;
				LastSwiftUpdateCheck = 1420;
				LastUpgradeCheck = 1420;
				TargetAttributes = {
					91A6C7CE29BF6E27009EBB08 = {
						CreatedOnToolsVersion = 14.2;
					};
				};
			};
			buildConfigurationList = 91A6C7CA29BF6E27009EBB08 /* Build configuration list for PBXProject "CryptoApp" */;
			compatibilityVersion = "Xcode 14.0";
			developmentRegion = en;
			hasScannedForEncodings = 0;
			knownRegions = (
				en,
				Base,
			);
			mainGroup = 91A6C7C629BF6E27009EBB08;
			productRefGroup = 91A6C7D029BF6E27009EBB08 /* Products */;
			projectDirPath = "";
			projectRoot = "";
			targets = (
				91A6C7CE29BF6E27009EBB08 /* CryptoApp */,
			);
		};
/* End PBXProject section */

/* Begin PBXResourcesBuildPhase section */
		91A6C7CD29BF6E27009EBB08 /* Resources */ = {
			isa = PBXResourcesBuildPhase;
			buildActionMask = 2147483647;
			files = (
				91A6C7DA29BF6E2A009EBB08 /* Preview Assets.xcassets in Resources */,
				91A6C7E129BF6EB0009EBB08 /* Assets.xcassets in Resources */,
			);
			runOnlyForDeploymentPostprocessing = 0;
		};
/* End PBXResourcesBuildPhase section */

/* Begin PBXSourcesBuildPhase section */
		91A6C7CB29BF6E27009EBB08 /* Sources */ = {
			isa = PBXSourcesBuildPhase;
			buildActionMask = 2147483647;
			files = (
				9175D64729D0CC86005C7AE4 /* StatisticModel.swift in Sources */,
				91D01B1E29CCB6D80048DE74 /* CoinImageViewModel.swift in Sources */,
				91563A4F29D88DC3000B7DD0 /* CoinLogoView.swift in Sources */,
				911C0DBC29C482D900994C56 /* CoinDataService.swift in Sources */,
				91A6C7F629BF7E57009EBB08 /* CoinRowView.swift in Sources */,
				91F7033229C21F2200FCF647 /* HomeViewModel.swift in Sources */,
				9175D64029D0BB41005C7AE4 /* LocalFileManager.swift in Sources */,
				91DE073729D30592003C495D /* MarketDataModel.swift in Sources */,
				91A6C7D529BF6E27009EBB08 /* ContentView.swift in Sources */,
				9175D64929D0CD64005C7AE4 /* StatisticView.swift in Sources */,
				91A6C7E929BF7178009EBB08 /* HomeView.swift in Sources */,
				91D01B1C29CCB6C70048DE74 /* CoinImageView.swift in Sources */,
				9175D64529D0C51F005C7AE4 /* UIApplication.swift in Sources */,
				91A6C7D329BF6E27009EBB08 /* CryptoAppApp.swift in Sources */,
				91A6C7EE29BF724E009EBB08 /* CircleButtonView.swift in Sources */,
				9175D64B29D0CFCB005C7AE4 /* HomeStatsView.swift in Sources */,
				9175D64329D0C0DC005C7AE4 /* SearchBarView.swift in Sources */,
				91A6C7E429BF6FB4009EBB08 /* Color.swift in Sources */,
				91DE073929D30A9D003C495D /* MarketDataService.swift in Sources */,
				91D01B1929CCAE6E0048DE74 /* NetworkingManager.swift in Sources */,
				91A6C7F029BF74FE009EBB08 /* CircleButtonAnimationView.swift in Sources */,
				91B6B36929C0C1F600428A77 /* PreviewProvider.swift in Sources */,
				91563A4B29D88727000B7DD0 /* PortfolioView.swift in Sources */,
				91B6B36B29C0C7F800428A77 /* Double.swift in Sources */,
				91D01B2029CCB81D0048DE74 /* CoinImageService.swift in Sources */,
				91A6C7F429BF76C6009EBB08 /* CoinModel.swift in Sources */,
			);
			runOnlyForDeploymentPostprocessing = 0;
		};
/* End PBXSourcesBuildPhase section */

/* Begin XCBuildConfiguration section */
		91A6C7DB29BF6E2A009EBB08 /* Debug */ = {
			isa = XCBuildConfiguration;
			buildSettings = {
				ALWAYS_SEARCH_USER_PATHS = NO;
				CLANG_ANALYZER_NONNULL = YES;
				CLANG_ANALYZER_NUMBER_OBJECT_CONVERSION = YES_AGGRESSIVE;
				CLANG_CXX_LANGUAGE_STANDARD = "gnu++20";
				CLANG_ENABLE_MODULES = YES;
				CLANG_ENABLE_OBJC_ARC = YES;
				CLANG_ENABLE_OBJC_WEAK = YES;
				CLANG_WARN_BLOCK_CAPTURE_AUTORELEASING = YES;
				CLANG_WARN_BOOL_CONVERSION = YES;
				CLANG_WARN_COMMA = YES;
				CLANG_WARN_CONSTANT_CONVERSION = YES;
				CLANG_WARN_DEPRECATED_OBJC_IMPLEMENTATIONS = YES;
				CLANG_WARN_DIRECT_OBJC_ISA_USAGE = YES_ERROR;
				CLANG_WARN_DOCUMENTATION_COMMENTS = YES;
				CLANG_WARN_EMPTY_BODY = YES;
				CLANG_WARN_ENUM_CONVERSION = YES;
				CLANG_WARN_INFINITE_RECURSION = YES;
				CLANG_WARN_INT_CONVERSION = YES;
				CLANG_WARN_NON_LITERAL_NULL_CONVERSION = YES;
				CLANG_WARN_OBJC_IMPLICIT_RETAIN_SELF = YES;
				CLANG_WARN_OBJC_LITERAL_CONVERSION = YES;
				CLANG_WARN_OBJC_ROOT_CLASS = YES_ERROR;
				CLANG_WARN_QUOTED_INCLUDE_IN_FRAMEWORK_HEADER = YES;
				CLANG_WARN_RANGE_LOOP_ANALYSIS = YES;
				CLANG_WARN_STRICT_PROTOTYPES = YES;
				CLANG_WARN_SUSPICIOUS_MOVE = YES;
				CLANG_WARN_UNGUARDED_AVAILABILITY = YES_AGGRESSIVE;
				CLANG_WARN_UNREACHABLE_CODE = YES;
				CLANG_WARN__DUPLICATE_METHOD_MATCH = YES;
				COPY_PHASE_STRIP = NO;
				DEBUG_INFORMATION_FORMAT = dwarf;
				ENABLE_STRICT_OBJC_MSGSEND = YES;
				ENABLE_TESTABILITY = YES;
				GCC_C_LANGUAGE_STANDARD = gnu11;
				GCC_DYNAMIC_NO_PIC = NO;
				GCC_NO_COMMON_BLOCKS = YES;
				GCC_OPTIMIZATION_LEVEL = 0;
				GCC_PREPROCESSOR_DEFINITIONS = (
					"DEBUG=1",
					"$(inherited)",
				);
				GCC_WARN_64_TO_32_BIT_CONVERSION = YES;
				GCC_WARN_ABOUT_RETURN_TYPE = YES_ERROR;
				GCC_WARN_UNDECLARED_SELECTOR = YES;
				GCC_WARN_UNINITIALIZED_AUTOS = YES_AGGRESSIVE;
				GCC_WARN_UNUSED_FUNCTION = YES;
				GCC_WARN_UNUSED_VARIABLE = YES;
				IPHONEOS_DEPLOYMENT_TARGET = 16.2;
				MTL_ENABLE_DEBUG_INFO = INCLUDE_SOURCE;
				MTL_FAST_MATH = YES;
				ONLY_ACTIVE_ARCH = YES;
				SDKROOT = iphoneos;
				SWIFT_ACTIVE_COMPILATION_CONDITIONS = DEBUG;
				SWIFT_OPTIMIZATION_LEVEL = "-Onone";
			};
			name = Debug;
		};
		91A6C7DC29BF6E2A009EBB08 /* Release */ = {
			isa = XCBuildConfiguration;
			buildSettings = {
				ALWAYS_SEARCH_USER_PATHS = NO;
				CLANG_ANALYZER_NONNULL = YES;
				CLANG_ANALYZER_NUMBER_OBJECT_CONVERSION = YES_AGGRESSIVE;
				CLANG_CXX_LANGUAGE_STANDARD = "gnu++20";
				CLANG_ENABLE_MODULES = YES;
				CLANG_ENABLE_OBJC_ARC = YES;
				CLANG_ENABLE_OBJC_WEAK = YES;
				CLANG_WARN_BLOCK_CAPTURE_AUTORELEASING = YES;
				CLANG_WARN_BOOL_CONVERSION = YES;
				CLANG_WARN_COMMA = YES;
				CLANG_WARN_CONSTANT_CONVERSION = YES;
				CLANG_WARN_DEPRECATED_OBJC_IMPLEMENTATIONS = YES;
				CLANG_WARN_DIRECT_OBJC_ISA_USAGE = YES_ERROR;
				CLANG_WARN_DOCUMENTATION_COMMENTS = YES;
				CLANG_WARN_EMPTY_BODY = YES;
				CLANG_WARN_ENUM_CONVERSION = YES;
				CLANG_WARN_INFINITE_RECURSION = YES;
				CLANG_WARN_INT_CONVERSION = YES;
				CLANG_WARN_NON_LITERAL_NULL_CONVERSION = YES;
				CLANG_WARN_OBJC_IMPLICIT_RETAIN_SELF = YES;
				CLANG_WARN_OBJC_LITERAL_CONVERSION = YES;
				CLANG_WARN_OBJC_ROOT_CLASS = YES_ERROR;
				CLANG_WARN_QUOTED_INCLUDE_IN_FRAMEWORK_HEADER = YES;
				CLANG_WARN_RANGE_LOOP_ANALYSIS = YES;
				CLANG_WARN_STRICT_PROTOTYPES = YES;
				CLANG_WARN_SUSPICIOUS_MOVE = YES;
				CLANG_WARN_UNGUARDED_AVAILABILITY = YES_AGGRESSIVE;
				CLANG_WARN_UNREACHABLE_CODE = YES;
				CLANG_WARN__DUPLICATE_METHOD_MATCH = YES;
				COPY_PHASE_STRIP = NO;
				DEBUG_INFORMATION_FORMAT = "dwarf-with-dsym";
				ENABLE_NS_ASSERTIONS = NO;
				ENABLE_STRICT_OBJC_MSGSEND = YES;
				GCC_C_LANGUAGE_STANDARD = gnu11;
				GCC_NO_COMMON_BLOCKS = YES;
				GCC_WARN_64_TO_32_BIT_CONVERSION = YES;
				GCC_WARN_ABOUT_RETURN_TYPE = YES_ERROR;
				GCC_WARN_UNDECLARED_SELECTOR = YES;
				GCC_WARN_UNINITIALIZED_AUTOS = YES_AGGRESSIVE;
				GCC_WARN_UNUSED_FUNCTION = YES;
				GCC_WARN_UNUSED_VARIABLE = YES;
				IPHONEOS_DEPLOYMENT_TARGET = 16.2;
				MTL_ENABLE_DEBUG_INFO = NO;
				MTL_FAST_MATH = YES;
				SDKROOT = iphoneos;
				SWIFT_COMPILATION_MODE = wholemodule;
				SWIFT_OPTIMIZATION_LEVEL = "-O";
				VALIDATE_PRODUCT = YES;
			};
			name = Release;
		};
		91A6C7DE29BF6E2A009EBB08 /* Debug */ = {
			isa = XCBuildConfiguration;
			buildSettings = {
				ASSETCATALOG_COMPILER_APPICON_NAME = AppIcon;
				ASSETCATALOG_COMPILER_GLOBAL_ACCENT_COLOR_NAME = AccentColor;
				CODE_SIGN_STYLE = Automatic;
				CURRENT_PROJECT_VERSION = 1;
				DEVELOPMENT_ASSET_PATHS = "\"CryptoApp/Preview Content\"";
				DEVELOPMENT_TEAM = A83DTTZX83;
				ENABLE_PREVIEWS = YES;
				GENERATE_INFOPLIST_FILE = YES;
				INFOPLIST_KEY_CFBundleDisplayName = CryptoApp;
				INFOPLIST_KEY_UIApplicationSceneManifest_Generation = YES;
				INFOPLIST_KEY_UIApplicationSupportsIndirectInputEvents = YES;
				INFOPLIST_KEY_UILaunchScreen_Generation = YES;
				INFOPLIST_KEY_UISupportedInterfaceOrientations = UIInterfaceOrientationPortrait;
				INFOPLIST_KEY_UISupportedInterfaceOrientations_iPad = "UIInterfaceOrientationLandscapeLeft UIInterfaceOrientationLandscapeRight UIInterfaceOrientationPortrait UIInterfaceOrientationPortraitUpsideDown";
				LD_RUNPATH_SEARCH_PATHS = (
					"$(inherited)",
					"@executable_path/Frameworks",
				);
				MARKETING_VERSION = 1.0;
				PRODUCT_BUNDLE_IDENTIFIER = com.adiamoyal.CryptoApp;
				PRODUCT_NAME = "$(TARGET_NAME)";
				SWIFT_EMIT_LOC_STRINGS = YES;
				SWIFT_VERSION = 5.0;
				TARGETED_DEVICE_FAMILY = "1,2";
			};
			name = Debug;
		};
		91A6C7DF29BF6E2A009EBB08 /* Release */ = {
			isa = XCBuildConfiguration;
			buildSettings = {
				ASSETCATALOG_COMPILER_APPICON_NAME = AppIcon;
				ASSETCATALOG_COMPILER_GLOBAL_ACCENT_COLOR_NAME = AccentColor;
				CODE_SIGN_STYLE = Automatic;
				CURRENT_PROJECT_VERSION = 1;
				DEVELOPMENT_ASSET_PATHS = "\"CryptoApp/Preview Content\"";
				DEVELOPMENT_TEAM = A83DTTZX83;
				ENABLE_PREVIEWS = YES;
				GENERATE_INFOPLIST_FILE = YES;
				INFOPLIST_KEY_CFBundleDisplayName = CryptoApp;
				INFOPLIST_KEY_UIApplicationSceneManifest_Generation = YES;
				INFOPLIST_KEY_UIApplicationSupportsIndirectInputEvents = YES;
				INFOPLIST_KEY_UILaunchScreen_Generation = YES;
				INFOPLIST_KEY_UISupportedInterfaceOrientations = UIInterfaceOrientationPortrait;
				INFOPLIST_KEY_UISupportedInterfaceOrientations_iPad = "UIInterfaceOrientationLandscapeLeft UIInterfaceOrientationLandscapeRight UIInterfaceOrientationPortrait UIInterfaceOrientationPortraitUpsideDown";
				LD_RUNPATH_SEARCH_PATHS = (
					"$(inherited)",
					"@executable_path/Frameworks",
				);
				MARKETING_VERSION = 1.0;
				PRODUCT_BUNDLE_IDENTIFIER = com.adiamoyal.CryptoApp;
				PRODUCT_NAME = "$(TARGET_NAME)";
				SWIFT_EMIT_LOC_STRINGS = YES;
				SWIFT_VERSION = 5.0;
				TARGETED_DEVICE_FAMILY = "1,2";
			};
			name = Release;
		};
/* End XCBuildConfiguration section */

/* Begin XCConfigurationList section */
		91A6C7CA29BF6E27009EBB08 /* Build configuration list for PBXProject "CryptoApp" */ = {
			isa = XCConfigurationList;
			buildConfigurations = (
				91A6C7DB29BF6E2A009EBB08 /* Debug */,
				91A6C7DC29BF6E2A009EBB08 /* Release */,
			);
			defaultConfigurationIsVisible = 0;
			defaultConfigurationName = Release;
		};
		91A6C7DD29BF6E2A009EBB08 /* Build configuration list for PBXNativeTarget "CryptoApp" */ = {
			isa = XCConfigurationList;
			buildConfigurations = (
				91A6C7DE29BF6E2A009EBB08 /* Debug */,
				91A6C7DF29BF6E2A009EBB08 /* Release */,
			);
			defaultConfigurationIsVisible = 0;
			defaultConfigurationName = Release;
		};
/* End XCConfigurationList section */
	};
	rootObject = 91A6C7C729BF6E27009EBB08 /* Project object */;
}
